
Microsoft Visual Studio Solution File, Format Version 12.00
# Visual Studio Version 16
VisualStudioVersion = 16.0.31005.135
MinimumVisualStudioVersion = 10.0.40219.1
Project("{8BC9CEB8-8B4A-11D0-8D11-00A0C91BC942}") = "gator-game-jam-2021", "gator-game-jam-2021\gator-game-jam-2021.vcxproj", "{8EF09D87-37F3-4BC4-A46D-EBC2E9D9397F}"
EndProject
Project("{8BC9CEB8-8B4A-11D0-8D11-00A0C91BC942}") = "level-editor", "level-editor\level-editor.vcxproj", "{BC0E6505-3E26-4F0A-ABE8-707C084129F4}"
EndProject
Global
	GlobalSection(SolutionConfigurationPlatforms) = preSolution
		Debug|x64 = Debug|x64
		Debug|x86 = Debug|x86
		Release|x64 = Release|x64
		Release|x86 = Release|x86
	EndGlobalSection
	GlobalSection(ProjectConfigurationPlatforms) = postSolution
		{8EF09D87-37F3-4BC4-A46D-EBC2E9D9397F}.Debug|x64.ActiveCfg = Debug|x64
		{8EF09D87-37F3-4BC4-A46D-EBC2E9D9397F}.Debug|x64.Build.0 = Debug|x64
		{8EF09D87-37F3-4BC4-A46D-EBC2E9D9397F}.Debug|x86.ActiveCfg = Debug|Win32
		{8EF09D87-37F3-4BC4-A46D-EBC2E9D9397F}.Debug|x86.Build.0 = Debug|Win32
		{8EF09D87-37F3-4BC4-A46D-EBC2E9D9397F}.Release|x64.ActiveCfg = Release|x64
		{8EF09D87-37F3-4BC4-A46D-EBC2E9D9397F}.Release|x64.Build.0 = Release|x64
		{8EF09D87-37F3-4BC4-A46D-EBC2E9D9397F}.Release|x86.ActiveCfg = Release|Win32
		{8EF09D87-37F3-4BC4-A46D-EBC2E9D9397F}.Release|x86.Build.0 = Release|Win32
		{BC0E6505-3E26-4F0A-ABE8-707C084129F4}.Debug|x64.ActiveCfg = Debug|x64
		{BC0E6505-3E26-4F0A-ABE8-707C084129F4}.Debug|x64.Build.0 = Debug|x64
		{BC0E6505-3E26-4F0A-ABE8-707C084129F4}.Debug|x86.ActiveCfg = Debug|Win32
		{BC0E6505-3E26-4F0A-ABE8-707C084129F4}.Debug|x86.Build.0 = Debug|Win32
		{BC0E6505-3E26-4F0A-ABE8-707C084129F4}.Release|x64.ActiveCfg = Release|x64
		{BC0E6505-3E26-4F0A-ABE8-707C084129F4}.Release|x64.Build.0 = Release|x64
		{BC0E6505-3E26-4F0A-ABE8-707C084129F4}.Release|x86.ActiveCfg = Release|Win32
		{BC0E6505-3E26-4F0A-ABE8-707C084129F4}.Release|x86.Build.0 = Release|Win32
	EndGlobalSection
	GlobalSection(SolutionProperties) = preSolution
		HideSolutionNode = FALSE
	EndGlobalSection
	GlobalSection(ExtensibilityGlobals) = postSolution
		SolutionGuid = {C693EAB6-7B65-40B9-8491-232E1EAD2875}
	EndGlobalSection
EndGlobal
